// !$*UTF8*$!
{
	archiveVersion = 1;
	classes = {
	};
	objectVersion = 48;
	objects = {

/* Begin PBXBuildFile section */
		6FF56523C6E32F400EE81F72 /* Pods_Smack.framework in Frameworks */ = {isa = PBXBuildFile; fileRef = E75438FD762229E576EFD06E /* Pods_Smack.framework */; };
		C51BF5EC1F58A3D500DC128A /* AuthService.swift in Sources */ = {isa = PBXBuildFile; fileRef = C51BF5EB1F58A3D500DC128A /* AuthService.swift */; };
		C51BF5EE1F58AEF000DC128A /* RoundedButton.swift in Sources */ = {isa = PBXBuildFile; fileRef = C51BF5ED1F58AEF000DC128A /* RoundedButton.swift */; };
		C51BF5F01F58E0CD00DC128A /* UserDataService.swift in Sources */ = {isa = PBXBuildFile; fileRef = C51BF5EF1F58E0CD00DC128A /* UserDataService.swift */; };
		C53497D41F5875ED002DB4FC /* AppDelegate.swift in Sources */ = {isa = PBXBuildFile; fileRef = C53497D31F5875ED002DB4FC /* AppDelegate.swift */; };
		C53497D91F5875ED002DB4FC /* Main.storyboard in Resources */ = {isa = PBXBuildFile; fileRef = C53497D71F5875ED002DB4FC /* Main.storyboard */; };
		C53497DB1F5875ED002DB4FC /* Assets.xcassets in Resources */ = {isa = PBXBuildFile; fileRef = C53497DA1F5875ED002DB4FC /* Assets.xcassets */; };
		C53497DE1F5875ED002DB4FC /* LaunchScreen.storyboard in Resources */ = {isa = PBXBuildFile; fileRef = C53497DC1F5875ED002DB4FC /* LaunchScreen.storyboard */; };
		C568328B1F587D07000F13D1 /* ChatVC.swift in Sources */ = {isa = PBXBuildFile; fileRef = C568328A1F587D07000F13D1 /* ChatVC.swift */; };
		C568328D1F587D17000F13D1 /* ChannelVC.swift in Sources */ = {isa = PBXBuildFile; fileRef = C568328C1F587D17000F13D1 /* ChannelVC.swift */; };
		C568328E1F588112000F13D1 /* SWRevealViewController.m in Sources */ = {isa = PBXBuildFile; fileRef = C56832861F587A67000F13D1 /* SWRevealViewController.m */; };
		C56832901F5889B7000F13D1 /* GradientView.swift in Sources */ = {isa = PBXBuildFile; fileRef = C568328F1F5889B7000F13D1 /* GradientView.swift */; };
		C56832931F589209000F13D1 /* Constants.swift in Sources */ = {isa = PBXBuildFile; fileRef = C56832921F589208000F13D1 /* Constants.swift */; };
		C56832951F589559000F13D1 /* LoginVC.swift in Sources */ = {isa = PBXBuildFile; fileRef = C56832941F589559000F13D1 /* LoginVC.swift */; };
		C56832971F5896E0000F13D1 /* CreateAccountVC.swift in Sources */ = {isa = PBXBuildFile; fileRef = C56832961F5896E0000F13D1 /* CreateAccountVC.swift */; };
/* End PBXBuildFile section */

/* Begin PBXFileReference section */
		8582C2937EB6DED0514E8182 /* Pods-Smack.debug.xcconfig */ = {isa = PBXFileReference; includeInIndex = 1; lastKnownFileType = text.xcconfig; name = "Pods-Smack.debug.xcconfig"; path = "Pods/Target Support Files/Pods-Smack/Pods-Smack.debug.xcconfig"; sourceTree = "<group>"; };
		C51BF5EB1F58A3D500DC128A /* AuthService.swift */ = {isa = PBXFileReference; lastKnownFileType = sourcecode.swift; path = AuthService.swift; sourceTree = "<group>"; };
		C51BF5ED1F58AEF000DC128A /* RoundedButton.swift */ = {isa = PBXFileReference; lastKnownFileType = sourcecode.swift; path = RoundedButton.swift; sourceTree = "<group>"; };
		C51BF5EF1F58E0CD00DC128A /* UserDataService.swift */ = {isa = PBXFileReference; lastKnownFileType = sourcecode.swift; path = UserDataService.swift; sourceTree = "<group>"; };
		C53497D01F5875ED002DB4FC /* Smack.app */ = {isa = PBXFileReference; explicitFileType = wrapper.application; includeInIndex = 0; path = Smack.app; sourceTree = BUILT_PRODUCTS_DIR; };
		C53497D31F5875ED002DB4FC /* AppDelegate.swift */ = {isa = PBXFileReference; lastKnownFileType = sourcecode.swift; path = AppDelegate.swift; sourceTree = "<group>"; };
		C53497D81F5875ED002DB4FC /* Base */ = {isa = PBXFileReference; lastKnownFileType = file.storyboard; name = Base; path = Base.lproj/Main.storyboard; sourceTree = "<group>"; };
		C53497DA1F5875ED002DB4FC /* Assets.xcassets */ = {isa = PBXFileReference; lastKnownFileType = folder.assetcatalog; path = Assets.xcassets; sourceTree = "<group>"; };
		C53497DD1F5875ED002DB4FC /* Base */ = {isa = PBXFileReference; lastKnownFileType = file.storyboard; name = Base; path = Base.lproj/LaunchScreen.storyboard; sourceTree = "<group>"; };
		C53497DF1F5875ED002DB4FC /* Info.plist */ = {isa = PBXFileReference; lastKnownFileType = text.plist.xml; path = Info.plist; sourceTree = "<group>"; };
		C56832841F587A65000F13D1 /* Smack-Bridging-Header.h */ = {isa = PBXFileReference; lastKnownFileType = sourcecode.c.h; path = "Smack-Bridging-Header.h"; sourceTree = "<group>"; };
		C56832851F587A67000F13D1 /* SWRevealViewController.h */ = {isa = PBXFileReference; lastKnownFileType = sourcecode.c.h; path = SWRevealViewController.h; sourceTree = "<group>"; };
		C56832861F587A67000F13D1 /* SWRevealViewController.m */ = {isa = PBXFileReference; lastKnownFileType = sourcecode.c.objc; path = SWRevealViewController.m; sourceTree = "<group>"; };
		C568328A1F587D07000F13D1 /* ChatVC.swift */ = {isa = PBXFileReference; lastKnownFileType = sourcecode.swift; path = ChatVC.swift; sourceTree = "<group>"; };
		C568328C1F587D17000F13D1 /* ChannelVC.swift */ = {isa = PBXFileReference; lastKnownFileType = sourcecode.swift; path = ChannelVC.swift; sourceTree = "<group>"; };
		C568328F1F5889B7000F13D1 /* GradientView.swift */ = {isa = PBXFileReference; lastKnownFileType = sourcecode.swift; path = GradientView.swift; sourceTree = "<group>"; };
		C56832921F589208000F13D1 /* Constants.swift */ = {isa = PBXFileReference; lastKnownFileType = sourcecode.swift; path = Constants.swift; sourceTree = "<group>"; };
		C56832941F589559000F13D1 /* LoginVC.swift */ = {isa = PBXFileReference; lastKnownFileType = sourcecode.swift; path = LoginVC.swift; sourceTree = "<group>"; };
		C56832961F5896E0000F13D1 /* CreateAccountVC.swift */ = {isa = PBXFileReference; lastKnownFileType = sourcecode.swift; path = CreateAccountVC.swift; sourceTree = "<group>"; };
		E75438FD762229E576EFD06E /* Pods_Smack.framework */ = {isa = PBXFileReference; explicitFileType = wrapper.framework; includeInIndex = 0; path = Pods_Smack.framework; sourceTree = BUILT_PRODUCTS_DIR; };
		FFCBCF3C8C1BDC178B193D78 /* Pods-Smack.release.xcconfig */ = {isa = PBXFileReference; includeInIndex = 1; lastKnownFileType = text.xcconfig; name = "Pods-Smack.release.xcconfig"; path = "Pods/Target Support Files/Pods-Smack/Pods-Smack.release.xcconfig"; sourceTree = "<group>"; };
/* End PBXFileReference section */

/* Begin PBXFrameworksBuildPhase section */
		C53497CD1F5875ED002DB4FC /* Frameworks */ = {
			isa = PBXFrameworksBuildPhase;
			buildActionMask = 2147483647;
			files = (
				6FF56523C6E32F400EE81F72 /* Pods_Smack.framework in Frameworks */,
			);
			runOnlyForDeploymentPostprocessing = 0;
		};
/* End PBXFrameworksBuildPhase section */

/* Begin PBXGroup section */
		4E21BC9A01FE49CCDE3B4538 /* Frameworks */ = {
			isa = PBXGroup;
			children = (
				E75438FD762229E576EFD06E /* Pods_Smack.framework */,
			);
			name = Frameworks;
			sourceTree = "<group>";
		};
		C51BF5EA1F58A3BE00DC128A /* Services */ = {
			isa = PBXGroup;
			children = (
				C51BF5EB1F58A3D500DC128A /* AuthService.swift */,
				C51BF5EF1F58E0CD00DC128A /* UserDataService.swift */,
			);
			path = Services;
			sourceTree = "<group>";
		};
		C53497C71F5875ED002DB4FC = {
			isa = PBXGroup;
			children = (
				C53497D21F5875ED002DB4FC /* Smack */,
				C53497D11F5875ED002DB4FC /* Products */,
				ECE97BA677E85C7BE43F491A /* Pods */,
				4E21BC9A01FE49CCDE3B4538 /* Frameworks */,
			);
			sourceTree = "<group>";
		};
		C53497D11F5875ED002DB4FC /* Products */ = {
			isa = PBXGroup;
			children = (
				C53497D01F5875ED002DB4FC /* Smack.app */,
			);
			name = Products;
			sourceTree = "<group>";
		};
		C53497D21F5875ED002DB4FC /* Smack */ = {
			isa = PBXGroup;
			children = (
				C51BF5EA1F58A3BE00DC128A /* Services */,
				C56832911F5891F3000F13D1 /* Utilities */,
				C56832871F587CD3000F13D1 /* Model */,
				C56832881F587CDC000F13D1 /* View */,
				C56832891F587CE3000F13D1 /* Controller */,
				C56832831F587A39000F13D1 /* Supporting Files */,
				C53497D31F5875ED002DB4FC /* AppDelegate.swift */,
				C53497D71F5875ED002DB4FC /* Main.storyboard */,
				C53497DA1F5875ED002DB4FC /* Assets.xcassets */,
				C53497DC1F5875ED002DB4FC /* LaunchScreen.storyboard */,
				C53497DF1F5875ED002DB4FC /* Info.plist */,
			);
			path = Smack;
			sourceTree = "<group>";
		};
		C56832831F587A39000F13D1 /* Supporting Files */ = {
			isa = PBXGroup;
			children = (
				C56832851F587A67000F13D1 /* SWRevealViewController.h */,
				C56832861F587A67000F13D1 /* SWRevealViewController.m */,
				C56832841F587A65000F13D1 /* Smack-Bridging-Header.h */,
			);
			path = "Supporting Files";
			sourceTree = "<group>";
		};
		C56832871F587CD3000F13D1 /* Model */ = {
			isa = PBXGroup;
			children = (
			);
			path = Model;
			sourceTree = "<group>";
		};
		C56832881F587CDC000F13D1 /* View */ = {
			isa = PBXGroup;
			children = (
				C568328F1F5889B7000F13D1 /* GradientView.swift */,
				C51BF5ED1F58AEF000DC128A /* RoundedButton.swift */,
			);
			path = View;
			sourceTree = "<group>";
		};
		C56832891F587CE3000F13D1 /* Controller */ = {
			isa = PBXGroup;
			children = (
				C568328A1F587D07000F13D1 /* ChatVC.swift */,
				C568328C1F587D17000F13D1 /* ChannelVC.swift */,
				C56832941F589559000F13D1 /* LoginVC.swift */,
				C56832961F5896E0000F13D1 /* CreateAccountVC.swift */,
			);
			path = Controller;
			sourceTree = "<group>";
		};
		C56832911F5891F3000F13D1 /* Utilities */ = {
			isa = PBXGroup;
			children = (
				C56832921F589208000F13D1 /* Constants.swift */,
			);
			path = Utilities;
			sourceTree = "<group>";
		};
		ECE97BA677E85C7BE43F491A /* Pods */ = {
			isa = PBXGroup;
			children = (
				8582C2937EB6DED0514E8182 /* Pods-Smack.debug.xcconfig */,
				FFCBCF3C8C1BDC178B193D78 /* Pods-Smack.release.xcconfig */,
			);
			name = Pods;
			sourceTree = "<group>";
		};
/* End PBXGroup section */

/* Begin PBXNativeTarget section */
		C53497CF1F5875ED002DB4FC /* Smack */ = {
			isa = PBXNativeTarget;
			buildConfigurationList = C53497E21F5875ED002DB4FC /* Build configuration list for PBXNativeTarget "Smack" */;
			buildPhases = (
				010A2F859D05ACD94241A334 /* [CP] Check Pods Manifest.lock */,
				C53497CC1F5875ED002DB4FC /* Sources */,
				C53497CD1F5875ED002DB4FC /* Frameworks */,
				C53497CE1F5875ED002DB4FC /* Resources */,
				1285C8AD37D8AE6C062264E3 /* [CP] Embed Pods Frameworks */,
				A53C1B283185EE34DDDBA216 /* [CP] Copy Pods Resources */,
			);
			buildRules = (
			);
			dependencies = (
			);
			name = Smack;
			productName = Smack;
			productReference = C53497D01F5875ED002DB4FC /* Smack.app */;
			productType = "com.apple.product-type.application";
		};
/* End PBXNativeTarget section */

/* Begin PBXProject section */
		C53497C81F5875ED002DB4FC /* Project object */ = {
			isa = PBXProject;
			attributes = {
				LastSwiftUpdateCheck = 0900;
				LastUpgradeCheck = 0900;
				ORGANIZATIONNAME = "Virgil Nilson";
				TargetAttributes = {
					C53497CF1F5875ED002DB4FC = {
						CreatedOnToolsVersion = 9.0;
						LastSwiftMigration = 0900;
						ProvisioningStyle = Automatic;
					};
				};
			};
			buildConfigurationList = C53497CB1F5875ED002DB4FC /* Build configuration list for PBXProject "Smack" */;
			compatibilityVersion = "Xcode 8.0";
			developmentRegion = en;
			hasScannedForEncodings = 0;
			knownRegions = (
				en,
				Base,
			);
			mainGroup = C53497C71F5875ED002DB4FC;
			productRefGroup = C53497D11F5875ED002DB4FC /* Products */;
			projectDirPath = "";
			projectRoot = "";
			targets = (
				C53497CF1F5875ED002DB4FC /* Smack */,
			);
		};
/* End PBXProject section */

/* Begin PBXResourcesBuildPhase section */
		C53497CE1F5875ED002DB4FC /* Resources */ = {
			isa = PBXResourcesBuildPhase;
			buildActionMask = 2147483647;
			files = (
				C53497DE1F5875ED002DB4FC /* LaunchScreen.storyboard in Resources */,
				C53497DB1F5875ED002DB4FC /* Assets.xcassets in Resources */,
				C53497D91F5875ED002DB4FC /* Main.storyboard in Resources */,
			);
			runOnlyForDeploymentPostprocessing = 0;
		};
/* End PBXResourcesBuildPhase section */

/* Begin PBXShellScriptBuildPhase section */
		010A2F859D05ACD94241A334 /* [CP] Check Pods Manifest.lock */ = {
			isa = PBXShellScriptBuildPhase;
			buildActionMask = 2147483647;
			files = (
			);
			inputPaths = (
			);
			name = "[CP] Check Pods Manifest.lock";
			outputPaths = (
			);
			runOnlyForDeploymentPostprocessing = 0;
			shellPath = /bin/sh;
			shellScript = "diff \"${PODS_ROOT}/../Podfile.lock\" \"${PODS_ROOT}/Manifest.lock\" > /dev/null\nif [ $? != 0 ] ; then\n    # print error to STDERR\n    echo \"error: The sandbox is not in sync with the Podfile.lock. Run 'pod install' or update your CocoaPods installation.\" >&2\n    exit 1\nfi\n";
			showEnvVarsInLog = 0;
		};
		1285C8AD37D8AE6C062264E3 /* [CP] Embed Pods Frameworks */ = {
			isa = PBXShellScriptBuildPhase;
			buildActionMask = 2147483647;
			files = (
			);
			inputPaths = (
			);
			name = "[CP] Embed Pods Frameworks";
			outputPaths = (
			);
			runOnlyForDeploymentPostprocessing = 0;
			shellPath = /bin/sh;
			shellScript = "\"${SRCROOT}/Pods/Target Support Files/Pods-Smack/Pods-Smack-frameworks.sh\"\n";
			showEnvVarsInLog = 0;
		};
		A53C1B283185EE34DDDBA216 /* [CP] Copy Pods Resources */ = {
			isa = PBXShellScriptBuildPhase;
			buildActionMask = 2147483647;
			files = (
			);
			inputPaths = (
			);
			name = "[CP] Copy Pods Resources";
			outputPaths = (
			);
			runOnlyForDeploymentPostprocessing = 0;
			shellPath = /bin/sh;
			shellScript = "\"${SRCROOT}/Pods/Target Support Files/Pods-Smack/Pods-Smack-resources.sh\"\n";
			showEnvVarsInLog = 0;
		};
/* End PBXShellScriptBuildPhase section */

/* Begin PBXSourcesBuildPhase section */
		C53497CC1F5875ED002DB4FC /* Sources */ = {
			isa = PBXSourcesBuildPhase;
			buildActionMask = 2147483647;
			files = (
				C568328E1F588112000F13D1 /* SWRevealViewController.m in Sources */,
				C51BF5EE1F58AEF000DC128A /* RoundedButton.swift in Sources */,
				C568328B1F587D07000F13D1 /* ChatVC.swift in Sources */,
				C51BF5F01F58E0CD00DC128A /* UserDataService.swift in Sources */,
				C56832971F5896E0000F13D1 /* CreateAccountVC.swift in Sources */,
				C51BF5EC1F58A3D500DC128A /* AuthService.swift in Sources */,
				C56832951F589559000F13D1 /* LoginVC.swift in Sources */,
				C56832901F5889B7000F13D1 /* GradientView.swift in Sources */,
				C568328D1F587D17000F13D1 /* ChannelVC.swift in Sources */,
				C53497D41F5875ED002DB4FC /* AppDelegate.swift in Sources */,
				C56832931F589209000F13D1 /* Constants.swift in Sources */,
			);
			runOnlyForDeploymentPostprocessing = 0;
		};
/* End PBXSourcesBuildPhase section */

/* Begin PBXVariantGroup section */
		C53497D71F5875ED002DB4FC /* Main.storyboard */ = {
			isa = PBXVariantGroup;
			children = (
				C53497D81F5875ED002DB4FC /* Base */,
			);
			name = Main.storyboard;
			sourceTree = "<group>";
		};
		C53497DC1F5875ED002DB4FC /* LaunchScreen.storyboard */ = {
			isa = PBXVariantGroup;
			children = (
				C53497DD1F5875ED002DB4FC /* Base */,
			);
			name = LaunchScreen.storyboard;
			sourceTree = "<group>";
		};
/* End PBXVariantGroup section */

/* Begin XCBuildConfiguration section */
		C53497E01F5875ED002DB4FC /* Debug */ = {
			isa = XCBuildConfiguration;
			buildSettings = {
				ALWAYS_SEARCH_USER_PATHS = NO;
				CLANG_ANALYZER_NONNULL = YES;
				CLANG_ANALYZER_NUMBER_OBJECT_CONVERSION = YES_AGGRESSIVE;
				CLANG_CXX_LANGUAGE_STANDARD = "gnu++14";
				CLANG_CXX_LIBRARY = "libc++";
				CLANG_ENABLE_MODULES = YES;
				CLANG_ENABLE_OBJC_ARC = YES;
				CLANG_WARN_BLOCK_CAPTURE_AUTORELEASING = YES;
				CLANG_WARN_BOOL_CONVERSION = YES;
				CLANG_WARN_COMMA = YES;
				CLANG_WARN_CONSTANT_CONVERSION = YES;
				CLANG_WARN_DIRECT_OBJC_ISA_USAGE = YES_ERROR;
				CLANG_WARN_DOCUMENTATION_COMMENTS = YES;
				CLANG_WARN_EMPTY_BODY = YES;
				CLANG_WARN_ENUM_CONVERSION = YES;
				CLANG_WARN_INFINITE_RECURSION = YES;
				CLANG_WARN_INT_CONVERSION = YES;
				CLANG_WARN_NON_LITERAL_NULL_CONVERSION = YES;
				CLANG_WARN_OBJC_LITERAL_CONVERSION = YES;
				CLANG_WARN_OBJC_ROOT_CLASS = YES_ERROR;
				CLANG_WARN_RANGE_LOOP_ANALYSIS = YES;
				CLANG_WARN_STRICT_PROTOTYPES = YES;
				CLANG_WARN_SUSPICIOUS_MOVE = YES;
				CLANG_WARN_UNGUARDED_AVAILABILITY = YES_AGGRESSIVE;
				CLANG_WARN_UNREACHABLE_CODE = YES;
				CLANG_WARN__DUPLICATE_METHOD_MATCH = YES;
				CODE_SIGN_IDENTITY = "iPhone Developer";
				COPY_PHASE_STRIP = NO;
				DEBUG_INFORMATION_FORMAT = dwarf;
				ENABLE_STRICT_OBJC_MSGSEND = YES;
				ENABLE_TESTABILITY = YES;
				GCC_C_LANGUAGE_STANDARD = gnu11;
				GCC_DYNAMIC_NO_PIC = NO;
				GCC_NO_COMMON_BLOCKS = YES;
				GCC_OPTIMIZATION_LEVEL = 0;
				GCC_PREPROCESSOR_DEFINITIONS = (
					"DEBUG=1",
					"$(inherited)",
				);
				GCC_WARN_64_TO_32_BIT_CONVERSION = YES;
				GCC_WARN_ABOUT_RETURN_TYPE = YES_ERROR;
				GCC_WARN_UNDECLARED_SELECTOR = YES;
				GCC_WARN_UNINITIALIZED_AUTOS = YES_AGGRESSIVE;
				GCC_WARN_UNUSED_FUNCTION = YES;
				GCC_WARN_UNUSED_VARIABLE = YES;
				IPHONEOS_DEPLOYMENT_TARGET = 11.0;
				MTL_ENABLE_DEBUG_INFO = YES;
				ONLY_ACTIVE_ARCH = YES;
				SDKROOT = iphoneos;
				SWIFT_ACTIVE_COMPILATION_CONDITIONS = DEBUG;
				SWIFT_OPTIMIZATION_LEVEL = "-Onone";
			};
			name = Debug;
		};
		C53497E11F5875ED002DB4FC /* Release */ = {
			isa = XCBuildConfiguration;
			buildSettings = {
				ALWAYS_SEARCH_USER_PATHS = NO;
				CLANG_ANALYZER_NONNULL = YES;
				CLANG_ANALYZER_NUMBER_OBJECT_CONVERSION = YES_AGGRESSIVE;
				CLANG_CXX_LANGUAGE_STANDARD = "gnu++14";
				CLANG_CXX_LIBRARY = "libc++";
				CLANG_ENABLE_MODULES = YES;
				CLANG_ENABLE_OBJC_ARC = YES;
				CLANG_WARN_BLOCK_CAPTURE_AUTORELEASING = YES;
				CLANG_WARN_BOOL_CONVERSION = YES;
				CLANG_WARN_COMMA = YES;
				CLANG_WARN_CONSTANT_CONVERSION = YES;
				CLANG_WARN_DIRECT_OBJC_ISA_USAGE = YES_ERROR;
				CLANG_WARN_DOCUMENTATION_COMMENTS = YES;
				CLANG_WARN_EMPTY_BODY = YES;
				CLANG_WARN_ENUM_CONVERSION = YES;
				CLANG_WARN_INFINITE_RECURSION = YES;
				CLANG_WARN_INT_CONVERSION = YES;
				CLANG_WARN_NON_LITERAL_NULL_CONVERSION = YES;
				CLANG_WARN_OBJC_LITERAL_CONVERSION = YES;
				CLANG_WARN_OBJC_ROOT_CLASS = YES_ERROR;
				CLANG_WARN_RANGE_LOOP_ANALYSIS = YES;
				CLANG_WARN_STRICT_PROTOTYPES = YES;
				CLANG_WARN_SUSPICIOUS_MOVE = YES;
				CLANG_WARN_UNGUARDED_AVAILABILITY = YES_AGGRESSIVE;
				CLANG_WARN_UNREACHABLE_CODE = YES;
				CLANG_WARN__DUPLICATE_METHOD_MATCH = YES;
				CODE_SIGN_IDENTITY = "iPhone Developer";
				COPY_PHASE_STRIP = NO;
				DEBUG_INFORMATION_FORMAT = "dwarf-with-dsym";
				ENABLE_NS_ASSERTIONS = NO;
				ENABLE_STRICT_OBJC_MSGSEND = YES;
				GCC_C_LANGUAGE_STANDARD = gnu11;
				GCC_NO_COMMON_BLOCKS = YES;
				GCC_WARN_64_TO_32_BIT_CONVERSION = YES;
				GCC_WARN_ABOUT_RETURN_TYPE = YES_ERROR;
				GCC_WARN_UNDECLARED_SELECTOR = YES;
				GCC_WARN_UNINITIALIZED_AUTOS = YES_AGGRESSIVE;
				GCC_WARN_UNUSED_FUNCTION = YES;
				GCC_WARN_UNUSED_VARIABLE = YES;
				IPHONEOS_DEPLOYMENT_TARGET = 11.0;
				MTL_ENABLE_DEBUG_INFO = NO;
				SDKROOT = iphoneos;
				SWIFT_OPTIMIZATION_LEVEL = "-Owholemodule";
				VALIDATE_PRODUCT = YES;
			};
			name = Release;
		};
		C53497E31F5875ED002DB4FC /* Debug */ = {
			isa = XCBuildConfiguration;
			baseConfigurationReference = 8582C2937EB6DED0514E8182 /* Pods-Smack.debug.xcconfig */;
			buildSettings = {
				ASSETCATALOG_COMPILER_APPICON_NAME = AppIcon;
				CLANG_ENABLE_MODULES = YES;
				CODE_SIGN_STYLE = Automatic;
				DEVELOPMENT_TEAM = 2XAYPS2394;
				INFOPLIST_FILE = Smack/Info.plist;
				LD_RUNPATH_SEARCH_PATHS = "$(inherited) @executable_path/Frameworks";
				PRODUCT_BUNDLE_IDENTIFIER = com.Virgil.Smack;
				PRODUCT_NAME = "$(TARGET_NAME)";
				SWIFT_OBJC_BRIDGING_HEADER = "Smack/Supporting Files/Smack-Bridging-Header.h";
				SWIFT_OPTIMIZATION_LEVEL = "-Onone";
				SWIFT_VERSION = 4.0;
				TARGETED_DEVICE_FAMILY = "1,2";
			};
			name = Debug;
		};
		C53497E41F5875ED002DB4FC /* Release */ = {
			isa = XCBuildConfiguration;
			baseConfigurationReference = FFCBCF3C8C1BDC178B193D78 /* Pods-Smack.release.xcconfig */;
			buildSettings = {
				ASSETCATALOG_COMPILER_APPICON_NAME = AppIcon;
				CLANG_ENABLE_MODULES = YES;
				CODE_SIGN_STYLE = Automatic;
				DEVELOPMENT_TEAM = 2XAYPS2394;
				INFOPLIST_FILE = Smack/Info.plist;
				LD_RUNPATH_SEARCH_PATHS = "$(inherited) @executable_path/Frameworks";
				PRODUCT_BUNDLE_IDENTIFIER = com.Virgil.Smack;
				PRODUCT_NAME = "$(TARGET_NAME)";
				SWIFT_OBJC_BRIDGING_HEADER = "Smack/Supporting Files/Smack-Bridging-Header.h";
				SWIFT_VERSION = 4.0;
				TARGETED_DEVICE_FAMILY = "1,2";
			};
			name = Release;
		};
/* End XCBuildConfiguration section */

/* Begin XCConfigurationList section */
		C53497CB1F5875ED002DB4FC /* Build configuration list for PBXProject "Smack" */ = {
			isa = XCConfigurationList;
			buildConfigurations = (
				C53497E01F5875ED002DB4FC /* Debug */,
				C53497E11F5875ED002DB4FC /* Release */,
			);
			defaultConfigurationIsVisible = 0;
			defaultConfigurationName = Release;
		};
		C53497E21F5875ED002DB4FC /* Build configuration list for PBXNativeTarget "Smack" */ = {
			isa = XCConfigurationList;
			buildConfigurations = (
				C53497E31F5875ED002DB4FC /* Debug */,
				C53497E41F5875ED002DB4FC /* Release */,
			);
			defaultConfigurationIsVisible = 0;
			defaultConfigurationName = Release;
		};
/* End XCConfigurationList section */
	};
	rootObject = C53497C81F5875ED002DB4FC /* Project object */;
}
